
Microsoft Visual Studio Solution File, Format Version 10.00
# Visual Studio 2008
Project("{2150E333-8FDC-42A3-9474-1A3956D46DE8}") = "Build", "Build", "{FBF5CB56-6E13-404C-B770-9777057F4E5F}"
	ProjectSection(SolutionItems) = preProject
		RakeFile = RakeFile
	EndProjectSection
EndProject
Project("{FAE04EC0-301F-11D3-BF4B-00C04F79EFBC}") = "inflector_extension", "inflector_extension\inflector_extension.csproj", "{3B23FF35-5F36-459E-A4DF-ABDB4FC35767}"
EndProject
Project("{FAE04EC0-301F-11D3-BF4B-00C04F79EFBC}") = "infelctor.test", "infelctor.test\infelctor.test.csproj", "{582E3BFA-A6B1-4575-BF56-4D954EC2C2E5}"
EndProject
Global
	GlobalSection(SolutionConfigurationPlatforms) = preSolution
		Debug|Any CPU = Debug|Any CPU
		Release|Any CPU = Release|Any CPU
	EndGlobalSection
	GlobalSection(ProjectConfigurationPlatforms) = postSolution
		{3B23FF35-5F36-459E-A4DF-ABDB4FC35767}.Debug|Any CPU.ActiveCfg = Debug|Any CPU
		{3B23FF35-5F36-459E-A4DF-ABDB4FC35767}.Debug|Any CPU.Build.0 = Debug|Any CPU
		{3B23FF35-5F36-459E-A4DF-ABDB4FC35767}.Release|Any CPU.ActiveCfg = Release|Any CPU
		{3B23FF35-5F36-459E-A4DF-ABDB4FC35767}.Release|Any CPU.Build.0 = Release|Any CPU
		{582E3BFA-A6B1-4575-BF56-4D954EC2C2E5}.Debug|Any CPU.ActiveCfg = Debug|Any CPU
		{582E3BFA-A6B1-4575-BF56-4D954EC2C2E5}.Debug|Any CPU.Build.0 = Debug|Any CPU
		{582E3BFA-A6B1-4575-BF56-4D954EC2C2E5}.Release|Any CPU.ActiveCfg = Release|Any CPU
		{582E3BFA-A6B1-4575-BF56-4D954EC2C2E5}.Release|Any CPU.Build.0 = Release|Any CPU
	EndGlobalSection
	GlobalSection(SolutionProperties) = preSolution
		HideSolutionNode = FALSE
	EndGlobalSection
EndGlobal
